
Microsoft Visual Studio Solution File, Format Version 12.00
# Visual Studio Version 16
VisualStudioVersion = 16.0.29001.49
MinimumVisualStudioVersion = 10.0.40219.1
Project("{9A19103F-16F7-4668-BE54-9A1E7A4F7556}") = "1850vpw", "1850vpw\1850vpw.csproj", "{1732D1C4-22D9-4E30-82DF-7822D77E4A0F}"
EndProject
Global
	GlobalSection(SolutionConfigurationPlatforms) = preSolution
		Debug|Any CPU = Debug|Any CPU
		Release|Any CPU = Release|Any CPU
		Testing|Any CPU = Testing|Any CPU
	EndGlobalSection
	GlobalSection(ProjectConfigurationPlatforms) = postSolution
		{1732D1C4-22D9-4E30-82DF-7822D77E4A0F}.Debug|Any CPU.ActiveCfg = Debug|Any CPU
		{1732D1C4-22D9-4E30-82DF-7822D77E4A0F}.Debug|Any CPU.Build.0 = Debug|Any CPU
		{1732D1C4-22D9-4E30-82DF-7822D77E4A0F}.Release|Any CPU.ActiveCfg = Release|Any CPU
		{1732D1C4-22D9-4E30-82DF-7822D77E4A0F}.Release|Any CPU.Build.0 = Release|Any CPU
		{1732D1C4-22D9-4E30-82DF-7822D77E4A0F}.Testing|Any CPU.ActiveCfg = Testing|Any CPU
		{1732D1C4-22D9-4E30-82DF-7822D77E4A0F}.Testing|Any CPU.Build.0 = Testing|Any CPU
	EndGlobalSection
	GlobalSection(SolutionProperties) = preSolution
		HideSolutionNode = FALSE
	EndGlobalSection
	GlobalSection(ExtensibilityGlobals) = postSolution
		SolutionGuid = {E9E7817A-D804-4C0B-BA43-EE145FA8B9EB}
	EndGlobalSection
EndGlobal
